
Microsoft Visual Studio Solution File, Format Version 12.00
# Visual Studio Version 16
VisualStudioVersion = 16.0.30011.22
MinimumVisualStudioVersion = 10.0.40219.1
Project("{FAE04EC0-301F-11D3-BF4B-00C04F79EFBC}") = "ATM Admin", "ATM Admin.csproj", "{4201F4B2-E395-4F7E-958A-715D53C78276}"
EndProject
Global
	GlobalSection(SolutionConfigurationPlatforms) = preSolution
		Debug|Any CPU = Debug|Any CPU
		Release|Any CPU = Release|Any CPU
	EndGlobalSection
	GlobalSection(ProjectConfigurationPlatforms) = postSolution
		{4201F4B2-E395-4F7E-958A-715D53C78276}.Debug|Any CPU.ActiveCfg = Debug|Any CPU
		{4201F4B2-E395-4F7E-958A-715D53C78276}.Debug|Any CPU.Build.0 = Debug|Any CPU
		{4201F4B2-E395-4F7E-958A-715D53C78276}.Release|Any CPU.ActiveCfg = Release|Any CPU
		{4201F4B2-E395-4F7E-958A-715D53C78276}.Release|Any CPU.Build.0 = Release|Any CPU
	EndGlobalSection
	GlobalSection(SolutionProperties) = preSolution
		HideSolutionNode = FALSE
	EndGlobalSection
	GlobalSection(ExtensibilityGlobals) = postSolution
		SolutionGuid = {AB1E3E09-BE3B-4906-99D8-2FA2A7A427EA}
	EndGlobalSection
EndGlobal
